
Microsoft Visual Studio Solution File, Format Version 12.00
# Visual Studio 14
VisualStudioVersion = 14.0.24720.0
MinimumVisualStudioVersion = 10.0.40219.1
Project("{2150E333-8FDC-42A3-9474-1A3956D46DE8}") = "Solution Items", "Solution Items", "{E9F23A65-1C6D-470F-A46A-A0B12C143189}"
	ProjectSection(SolutionItems) = preProject
		AboutCrawler.md = AboutCrawler.md
		AboutDesign.md = AboutDesign.md
		README.md = README.md
		RegexTips.md = RegexTips.md
		UnitTests.md = UnitTests.md
	EndProjectSection
EndProject
Project("{FAE04EC0-301F-11D3-BF4B-00C04F79EFBC}") = "Magnesium.DataBase", "Magnesium.DataBase\Magnesium.DataBase.csproj", "{E0D2CE5C-D3F7-4A7E-82B3-D4909E7FF4D4}"
EndProject
Project("{FAE04EC0-301F-11D3-BF4B-00C04F79EFBC}") = "Magnesium.Crawler", "Magnesium.Crawler\Magnesium.Crawler.csproj", "{2B911347-94E8-48A2-94E1-B32A938B9FAC}"
EndProject
Project("{FAE04EC0-301F-11D3-BF4B-00C04F79EFBC}") = "Magnesium.Tests", "Magnesium.Tests\Magnesium.Tests.csproj", "{05E42CD6-5C8F-45B0-AAF0-41228B21A90B}"
EndProject
Project("{FAE04EC0-301F-11D3-BF4B-00C04F79EFBC}") = "Magnesium.Core", "Magnesium.Core\Magnesium.Core.csproj", "{7539C56B-7A21-43F9-85F0-08D639A769AE}"
EndProject
Project("{FAE04EC0-301F-11D3-BF4B-00C04F79EFBC}") = "Magnesium.Wpf", "Magnesium.Wpf\Magnesium.Wpf.csproj", "{F47C5F9D-6013-43F7-A163-71908F922620}"
EndProject
Project("{FAE04EC0-301F-11D3-BF4B-00C04F79EFBC}") = "Magnesium.Core.Debug", "Magnesium.Core.Debug\Magnesium.Core.Debug.csproj", "{E0882158-CA8D-4C29-80C5-CA4524706E65}"
EndProject
Project("{FAE04EC0-301F-11D3-BF4B-00C04F79EFBC}") = "Magnesium.Sample", "Magnesium.Sample\Magnesium.Sample.csproj", "{8C7D71DF-A062-4CBE-85D6-CEF698878A22}"
EndProject
Project("{2150E333-8FDC-42A3-9474-1A3956D46DE8}") = "Sample", "Sample", "{ADFF4C06-32F1-462A-92E8-F59EE73CF347}"
EndProject
Project("{FAE04EC0-301F-11D3-BF4B-00C04F79EFBC}") = "SaltTiger", "SaltTiger\SaltTiger.csproj", "{5BA67185-3853-4234-845D-F0DD20081D38}"
EndProject
Project("{6141683F-8A12-4E36-9623-2EB02B2C2303}") = "Setup", "Setup\Setup.isproj", "{D1CC44D9-2098-4AA4-85EE-DF4C5FF9A51A}"
EndProject
Global
	GlobalSection(SolutionConfigurationPlatforms) = preSolution
		CD_ROM|Any CPU = CD_ROM|Any CPU
		Debug|Any CPU = Debug|Any CPU
		DVD-5|Any CPU = DVD-5|Any CPU
		Release|Any CPU = Release|Any CPU
		SingleImage|Any CPU = SingleImage|Any CPU
	EndGlobalSection
	GlobalSection(ProjectConfigurationPlatforms) = postSolution
		{E0D2CE5C-D3F7-4A7E-82B3-D4909E7FF4D4}.CD_ROM|Any CPU.ActiveCfg = Release|Any CPU
		{E0D2CE5C-D3F7-4A7E-82B3-D4909E7FF4D4}.CD_ROM|Any CPU.Build.0 = Release|Any CPU
		{E0D2CE5C-D3F7-4A7E-82B3-D4909E7FF4D4}.Debug|Any CPU.ActiveCfg = Debug|Any CPU
		{E0D2CE5C-D3F7-4A7E-82B3-D4909E7FF4D4}.Debug|Any CPU.Build.0 = Debug|Any CPU
		{E0D2CE5C-D3F7-4A7E-82B3-D4909E7FF4D4}.DVD-5|Any CPU.ActiveCfg = Debug|Any CPU
		{E0D2CE5C-D3F7-4A7E-82B3-D4909E7FF4D4}.DVD-5|Any CPU.Build.0 = Debug|Any CPU
		{E0D2CE5C-D3F7-4A7E-82B3-D4909E7FF4D4}.Release|Any CPU.ActiveCfg = Release|Any CPU
		{E0D2CE5C-D3F7-4A7E-82B3-D4909E7FF4D4}.Release|Any CPU.Build.0 = Release|Any CPU
		{E0D2CE5C-D3F7-4A7E-82B3-D4909E7FF4D4}.SingleImage|Any CPU.ActiveCfg = Release|Any CPU
		{E0D2CE5C-D3F7-4A7E-82B3-D4909E7FF4D4}.SingleImage|Any CPU.Build.0 = Release|Any CPU
		{2B911347-94E8-48A2-94E1-B32A938B9FAC}.CD_ROM|Any CPU.ActiveCfg = Release|Any CPU
		{2B911347-94E8-48A2-94E1-B32A938B9FAC}.CD_ROM|Any CPU.Build.0 = Release|Any CPU
		{2B911347-94E8-48A2-94E1-B32A938B9FAC}.Debug|Any CPU.ActiveCfg = Debug|Any CPU
		{2B911347-94E8-48A2-94E1-B32A938B9FAC}.Debug|Any CPU.Build.0 = Debug|Any CPU
		{2B911347-94E8-48A2-94E1-B32A938B9FAC}.DVD-5|Any CPU.ActiveCfg = Debug|Any CPU
		{2B911347-94E8-48A2-94E1-B32A938B9FAC}.DVD-5|Any CPU.Build.0 = Debug|Any CPU
		{2B911347-94E8-48A2-94E1-B32A938B9FAC}.Release|Any CPU.ActiveCfg = Release|Any CPU
		{2B911347-94E8-48A2-94E1-B32A938B9FAC}.Release|Any CPU.Build.0 = Release|Any CPU
		{2B911347-94E8-48A2-94E1-B32A938B9FAC}.SingleImage|Any CPU.ActiveCfg = Release|Any CPU
		{2B911347-94E8-48A2-94E1-B32A938B9FAC}.SingleImage|Any CPU.Build.0 = Release|Any CPU
		{05E42CD6-5C8F-45B0-AAF0-41228B21A90B}.CD_ROM|Any CPU.ActiveCfg = Release|Any CPU
		{05E42CD6-5C8F-45B0-AAF0-41228B21A90B}.CD_ROM|Any CPU.Build.0 = Release|Any CPU
		{05E42CD6-5C8F-45B0-AAF0-41228B21A90B}.Debug|Any CPU.ActiveCfg = Debug|Any CPU
		{05E42CD6-5C8F-45B0-AAF0-41228B21A90B}.Debug|Any CPU.Build.0 = Debug|Any CPU
		{05E42CD6-5C8F-45B0-AAF0-41228B21A90B}.DVD-5|Any CPU.ActiveCfg = Debug|Any CPU
		{05E42CD6-5C8F-45B0-AAF0-41228B21A90B}.DVD-5|Any CPU.Build.0 = Debug|Any CPU
		{05E42CD6-5C8F-45B0-AAF0-41228B21A90B}.Release|Any CPU.ActiveCfg = Release|Any CPU
		{05E42CD6-5C8F-45B0-AAF0-41228B21A90B}.Release|Any CPU.Build.0 = Release|Any CPU
		{05E42CD6-5C8F-45B0-AAF0-41228B21A90B}.SingleImage|Any CPU.ActiveCfg = Release|Any CPU
		{05E42CD6-5C8F-45B0-AAF0-41228B21A90B}.SingleImage|Any CPU.Build.0 = Release|Any CPU
		{7539C56B-7A21-43F9-85F0-08D639A769AE}.CD_ROM|Any CPU.ActiveCfg = Release|Any CPU
		{7539C56B-7A21-43F9-85F0-08D639A769AE}.CD_ROM|Any CPU.Build.0 = Release|Any CPU
		{7539C56B-7A21-43F9-85F0-08D639A769AE}.Debug|Any CPU.ActiveCfg = Debug|Any CPU
		{7539C56B-7A21-43F9-85F0-08D639A769AE}.Debug|Any CPU.Build.0 = Debug|Any CPU
		{7539C56B-7A21-43F9-85F0-08D639A769AE}.DVD-5|Any CPU.ActiveCfg = Debug|Any CPU
		{7539C56B-7A21-43F9-85F0-08D639A769AE}.DVD-5|Any CPU.Build.0 = Debug|Any CPU
		{7539C56B-7A21-43F9-85F0-08D639A769AE}.Release|Any CPU.ActiveCfg = Release|Any CPU
		{7539C56B-7A21-43F9-85F0-08D639A769AE}.Release|Any CPU.Build.0 = Release|Any CPU
		{7539C56B-7A21-43F9-85F0-08D639A769AE}.SingleImage|Any CPU.ActiveCfg = Release|Any CPU
		{7539C56B-7A21-43F9-85F0-08D639A769AE}.SingleImage|Any CPU.Build.0 = Release|Any CPU
		{F47C5F9D-6013-43F7-A163-71908F922620}.CD_ROM|Any CPU.ActiveCfg = Release|Any CPU
		{F47C5F9D-6013-43F7-A163-71908F922620}.CD_ROM|Any CPU.Build.0 = Release|Any CPU
		{F47C5F9D-6013-43F7-A163-71908F922620}.Debug|Any CPU.ActiveCfg = Debug|Any CPU
		{F47C5F9D-6013-43F7-A163-71908F922620}.Debug|Any CPU.Build.0 = Debug|Any CPU
		{F47C5F9D-6013-43F7-A163-71908F922620}.DVD-5|Any CPU.ActiveCfg = Debug|Any CPU
		{F47C5F9D-6013-43F7-A163-71908F922620}.DVD-5|Any CPU.Build.0 = Debug|Any CPU
		{F47C5F9D-6013-43F7-A163-71908F922620}.Release|Any CPU.ActiveCfg = Release|Any CPU
		{F47C5F9D-6013-43F7-A163-71908F922620}.Release|Any CPU.Build.0 = Release|Any CPU
		{F47C5F9D-6013-43F7-A163-71908F922620}.SingleImage|Any CPU.ActiveCfg = Release|Any CPU
		{F47C5F9D-6013-43F7-A163-71908F922620}.SingleImage|Any CPU.Build.0 = Release|Any CPU
		{E0882158-CA8D-4C29-80C5-CA4524706E65}.CD_ROM|Any CPU.ActiveCfg = Release|Any CPU
		{E0882158-CA8D-4C29-80C5-CA4524706E65}.CD_ROM|Any CPU.Build.0 = Release|Any CPU
		{E0882158-CA8D-4C29-80C5-CA4524706E65}.Debug|Any CPU.ActiveCfg = Debug|Any CPU
		{E0882158-CA8D-4C29-80C5-CA4524706E65}.Debug|Any CPU.Build.0 = Debug|Any CPU
		{E0882158-CA8D-4C29-80C5-CA4524706E65}.DVD-5|Any CPU.ActiveCfg = Debug|Any CPU
		{E0882158-CA8D-4C29-80C5-CA4524706E65}.DVD-5|Any CPU.Build.0 = Debug|Any CPU
		{E0882158-CA8D-4C29-80C5-CA4524706E65}.Release|Any CPU.ActiveCfg = Release|Any CPU
		{E0882158-CA8D-4C29-80C5-CA4524706E65}.Release|Any CPU.Build.0 = Release|Any CPU
		{E0882158-CA8D-4C29-80C5-CA4524706E65}.SingleImage|Any CPU.ActiveCfg = Release|Any CPU
		{E0882158-CA8D-4C29-80C5-CA4524706E65}.SingleImage|Any CPU.Build.0 = Release|Any CPU
		{8C7D71DF-A062-4CBE-85D6-CEF698878A22}.CD_ROM|Any CPU.ActiveCfg = Release|Any CPU
		{8C7D71DF-A062-4CBE-85D6-CEF698878A22}.CD_ROM|Any CPU.Build.0 = Release|Any CPU
		{8C7D71DF-A062-4CBE-85D6-CEF698878A22}.Debug|Any CPU.ActiveCfg = Debug|Any CPU
		{8C7D71DF-A062-4CBE-85D6-CEF698878A22}.Debug|Any CPU.Build.0 = Debug|Any CPU
		{8C7D71DF-A062-4CBE-85D6-CEF698878A22}.DVD-5|Any CPU.ActiveCfg = Debug|Any CPU
		{8C7D71DF-A062-4CBE-85D6-CEF698878A22}.DVD-5|Any CPU.Build.0 = Debug|Any CPU
		{8C7D71DF-A062-4CBE-85D6-CEF698878A22}.Release|Any CPU.ActiveCfg = Release|Any CPU
		{8C7D71DF-A062-4CBE-85D6-CEF698878A22}.Release|Any CPU.Build.0 = Release|Any CPU
		{8C7D71DF-A062-4CBE-85D6-CEF698878A22}.SingleImage|Any CPU.ActiveCfg = Release|Any CPU
		{8C7D71DF-A062-4CBE-85D6-CEF698878A22}.SingleImage|Any CPU.Build.0 = Release|Any CPU
		{5BA67185-3853-4234-845D-F0DD20081D38}.CD_ROM|Any CPU.ActiveCfg = Release|Any CPU
		{5BA67185-3853-4234-845D-F0DD20081D38}.CD_ROM|Any CPU.Build.0 = Release|Any CPU
		{5BA67185-3853-4234-845D-F0DD20081D38}.Debug|Any CPU.ActiveCfg = Debug|Any CPU
		{5BA67185-3853-4234-845D-F0DD20081D38}.Debug|Any CPU.Build.0 = Debug|Any CPU
		{5BA67185-3853-4234-845D-F0DD20081D38}.DVD-5|Any CPU.ActiveCfg = Debug|Any CPU
		{5BA67185-3853-4234-845D-F0DD20081D38}.DVD-5|Any CPU.Build.0 = Debug|Any CPU
		{5BA67185-3853-4234-845D-F0DD20081D38}.Release|Any CPU.ActiveCfg = Release|Any CPU
		{5BA67185-3853-4234-845D-F0DD20081D38}.Release|Any CPU.Build.0 = Release|Any CPU
		{5BA67185-3853-4234-845D-F0DD20081D38}.SingleImage|Any CPU.ActiveCfg = Release|Any CPU
		{5BA67185-3853-4234-845D-F0DD20081D38}.SingleImage|Any CPU.Build.0 = Release|Any CPU
		{D1CC44D9-2098-4AA4-85EE-DF4C5FF9A51A}.CD_ROM|Any CPU.ActiveCfg = CD_ROM
		{D1CC44D9-2098-4AA4-85EE-DF4C5FF9A51A}.CD_ROM|Any CPU.Build.0 = CD_ROM
		{D1CC44D9-2098-4AA4-85EE-DF4C5FF9A51A}.Debug|Any CPU.ActiveCfg = DVD-5
		{D1CC44D9-2098-4AA4-85EE-DF4C5FF9A51A}.Debug|Any CPU.Build.0 = DVD-5
		{D1CC44D9-2098-4AA4-85EE-DF4C5FF9A51A}.DVD-5|Any CPU.ActiveCfg = DVD-5
		{D1CC44D9-2098-4AA4-85EE-DF4C5FF9A51A}.DVD-5|Any CPU.Build.0 = DVD-5
		{D1CC44D9-2098-4AA4-85EE-DF4C5FF9A51A}.Release|Any CPU.ActiveCfg = SingleImage
		{D1CC44D9-2098-4AA4-85EE-DF4C5FF9A51A}.Release|Any CPU.Build.0 = SingleImage
		{D1CC44D9-2098-4AA4-85EE-DF4C5FF9A51A}.SingleImage|Any CPU.ActiveCfg = SingleImage
		{D1CC44D9-2098-4AA4-85EE-DF4C5FF9A51A}.SingleImage|Any CPU.Build.0 = SingleImage
	EndGlobalSection
	GlobalSection(SolutionProperties) = preSolution
		HideSolutionNode = FALSE
	EndGlobalSection
	GlobalSection(NestedProjects) = preSolution
		{8C7D71DF-A062-4CBE-85D6-CEF698878A22} = {ADFF4C06-32F1-462A-92E8-F59EE73CF347}
		{5BA67185-3853-4234-845D-F0DD20081D38} = {ADFF4C06-32F1-462A-92E8-F59EE73CF347}
	EndGlobalSection
EndGlobal
